
Microsoft Visual Studio Solution File, Format Version 12.00
# Visual Studio 15
VisualStudioVersion = 15.0.28307.421
MinimumVisualStudioVersion = 10.0.40219.1
Project("{9A19103F-16F7-4668-BE54-9A1E7A4F7556}") = "Entities", "Entities\Entities.csproj", "{ACBCA0E5-F2E8-4AD5-90E1-651BEADBB4DF}"
EndProject
Project("{9A19103F-16F7-4668-BE54-9A1E7A4F7556}") = "DataAccess", "DataAccess\DataAccess.csproj", "{49BC1AE9-C8F0-4E36-ACA0-5C13B2E38C27}"
EndProject
Project("{9A19103F-16F7-4668-BE54-9A1E7A4F7556}") = "BussinessLogic", "BussinessLogic\BussinessLogic.csproj", "{D5741D72-A072-4BD5-A8A3-F6A63516B9C2}"
EndProject
Project("{9A19103F-16F7-4668-BE54-9A1E7A4F7556}") = "Service", "Service\Service.csproj", "{3A59CE4E-BF9D-4BC5-BEA1-907E7F949250}"
EndProject
Global
	GlobalSection(SolutionConfigurationPlatforms) = preSolution
		Debug|Any CPU = Debug|Any CPU
		Release|Any CPU = Release|Any CPU
	EndGlobalSection
	GlobalSection(ProjectConfigurationPlatforms) = postSolution
		{ACBCA0E5-F2E8-4AD5-90E1-651BEADBB4DF}.Debug|Any CPU.ActiveCfg = Debug|Any CPU
		{ACBCA0E5-F2E8-4AD5-90E1-651BEADBB4DF}.Debug|Any CPU.Build.0 = Debug|Any CPU
		{ACBCA0E5-F2E8-4AD5-90E1-651BEADBB4DF}.Release|Any CPU.ActiveCfg = Release|Any CPU
		{ACBCA0E5-F2E8-4AD5-90E1-651BEADBB4DF}.Release|Any CPU.Build.0 = Release|Any CPU
		{49BC1AE9-C8F0-4E36-ACA0-5C13B2E38C27}.Debug|Any CPU.ActiveCfg = Debug|Any CPU
		{49BC1AE9-C8F0-4E36-ACA0-5C13B2E38C27}.Debug|Any CPU.Build.0 = Debug|Any CPU
		{49BC1AE9-C8F0-4E36-ACA0-5C13B2E38C27}.Release|Any CPU.ActiveCfg = Release|Any CPU
		{49BC1AE9-C8F0-4E36-ACA0-5C13B2E38C27}.Release|Any CPU.Build.0 = Release|Any CPU
		{D5741D72-A072-4BD5-A8A3-F6A63516B9C2}.Debug|Any CPU.ActiveCfg = Debug|Any CPU
		{D5741D72-A072-4BD5-A8A3-F6A63516B9C2}.Debug|Any CPU.Build.0 = Debug|Any CPU
		{D5741D72-A072-4BD5-A8A3-F6A63516B9C2}.Release|Any CPU.ActiveCfg = Release|Any CPU
		{D5741D72-A072-4BD5-A8A3-F6A63516B9C2}.Release|Any CPU.Build.0 = Release|Any CPU
		{3A59CE4E-BF9D-4BC5-BEA1-907E7F949250}.Debug|Any CPU.ActiveCfg = Debug|Any CPU
		{3A59CE4E-BF9D-4BC5-BEA1-907E7F949250}.Debug|Any CPU.Build.0 = Debug|Any CPU
		{3A59CE4E-BF9D-4BC5-BEA1-907E7F949250}.Release|Any CPU.ActiveCfg = Release|Any CPU
		{3A59CE4E-BF9D-4BC5-BEA1-907E7F949250}.Release|Any CPU.Build.0 = Release|Any CPU
	EndGlobalSection
	GlobalSection(SolutionProperties) = preSolution
		HideSolutionNode = FALSE
	EndGlobalSection
	GlobalSection(ExtensibilityGlobals) = postSolution
		SolutionGuid = {23CAF469-FD1C-482E-A7F9-7C8DB8748024}
	EndGlobalSection
EndGlobal
